
Microsoft Visual Studio Solution File, Format Version 12.00
# Visual Studio Version 16
VisualStudioVersion = 16.0.30717.126
MinimumVisualStudioVersion = 10.0.40219.1
Project("{FAE04EC0-301F-11D3-BF4B-00C04F79EFBC}") = "Task_1", "Task_1.csproj", "{67444562-DFD9-4C77-9854-64248E98B666}"
EndProject
Project("{FAE04EC0-301F-11D3-BF4B-00C04F79EFBC}") = "Task_2", "..\Task_2\Task_2.csproj", "{DDB3A2D2-99C1-4ED9-8935-550F2BF4ECA7}"
EndProject
Project("{FAE04EC0-301F-11D3-BF4B-00C04F79EFBC}") = "Task_3", "..\Task_3\Task_3.csproj", "{34400F73-147F-4741-80C1-75D2B307E181}"
EndProject
Project("{FAE04EC0-301F-11D3-BF4B-00C04F79EFBC}") = "Task_4", "..\Task_4\Task_4.csproj", "{890B10E7-687D-4633-9E86-A916B9DF05DA}"
EndProject
Global
	GlobalSection(SolutionConfigurationPlatforms) = preSolution
		Debug|Any CPU = Debug|Any CPU
		Release|Any CPU = Release|Any CPU
	EndGlobalSection
	GlobalSection(ProjectConfigurationPlatforms) = postSolution
		{67444562-DFD9-4C77-9854-64248E98B666}.Debug|Any CPU.ActiveCfg = Debug|Any CPU
		{67444562-DFD9-4C77-9854-64248E98B666}.Debug|Any CPU.Build.0 = Debug|Any CPU
		{67444562-DFD9-4C77-9854-64248E98B666}.Release|Any CPU.ActiveCfg = Release|Any CPU
		{67444562-DFD9-4C77-9854-64248E98B666}.Release|Any CPU.Build.0 = Release|Any CPU
		{DDB3A2D2-99C1-4ED9-8935-550F2BF4ECA7}.Debug|Any CPU.ActiveCfg = Debug|Any CPU
		{DDB3A2D2-99C1-4ED9-8935-550F2BF4ECA7}.Debug|Any CPU.Build.0 = Debug|Any CPU
		{DDB3A2D2-99C1-4ED9-8935-550F2BF4ECA7}.Release|Any CPU.ActiveCfg = Release|Any CPU
		{DDB3A2D2-99C1-4ED9-8935-550F2BF4ECA7}.Release|Any CPU.Build.0 = Release|Any CPU
		{34400F73-147F-4741-80C1-75D2B307E181}.Debug|Any CPU.ActiveCfg = Debug|Any CPU
		{34400F73-147F-4741-80C1-75D2B307E181}.Debug|Any CPU.Build.0 = Debug|Any CPU
		{34400F73-147F-4741-80C1-75D2B307E181}.Release|Any CPU.ActiveCfg = Release|Any CPU
		{34400F73-147F-4741-80C1-75D2B307E181}.Release|Any CPU.Build.0 = Release|Any CPU
		{890B10E7-687D-4633-9E86-A916B9DF05DA}.Debug|Any CPU.ActiveCfg = Debug|Any CPU
		{890B10E7-687D-4633-9E86-A916B9DF05DA}.Debug|Any CPU.Build.0 = Debug|Any CPU
		{890B10E7-687D-4633-9E86-A916B9DF05DA}.Release|Any CPU.ActiveCfg = Release|Any CPU
		{890B10E7-687D-4633-9E86-A916B9DF05DA}.Release|Any CPU.Build.0 = Release|Any CPU
	EndGlobalSection
	GlobalSection(SolutionProperties) = preSolution
		HideSolutionNode = FALSE
	EndGlobalSection
	GlobalSection(ExtensibilityGlobals) = postSolution
		SolutionGuid = {92FD2691-84B4-43CB-AF33-5FAED0E30541}
	EndGlobalSection
EndGlobal
