
Microsoft Visual Studio Solution File, Format Version 12.00
# Visual Studio Version 16
VisualStudioVersion = 16.0.30717.126
MinimumVisualStudioVersion = 10.0.40219.1
Project("{FAE04EC0-301F-11D3-BF4B-00C04F79EFBC}") = "Task_2", "Task_2.csproj", "{7D094280-4C8E-4F73-B5B3-32B6EEED9CC8}"
EndProject
Global
	GlobalSection(SolutionConfigurationPlatforms) = preSolution
		Debug|Any CPU = Debug|Any CPU
		Release|Any CPU = Release|Any CPU
	EndGlobalSection
	GlobalSection(ProjectConfigurationPlatforms) = postSolution
		{7D094280-4C8E-4F73-B5B3-32B6EEED9CC8}.Debug|Any CPU.ActiveCfg = Debug|Any CPU
		{7D094280-4C8E-4F73-B5B3-32B6EEED9CC8}.Debug|Any CPU.Build.0 = Debug|Any CPU
		{7D094280-4C8E-4F73-B5B3-32B6EEED9CC8}.Release|Any CPU.ActiveCfg = Release|Any CPU
		{7D094280-4C8E-4F73-B5B3-32B6EEED9CC8}.Release|Any CPU.Build.0 = Release|Any CPU
	EndGlobalSection
	GlobalSection(SolutionProperties) = preSolution
		HideSolutionNode = FALSE
	EndGlobalSection
	GlobalSection(ExtensibilityGlobals) = postSolution
		SolutionGuid = {A35D5BA0-3DC1-4C00-93C7-409FF570FF3D}
	EndGlobalSection
EndGlobal
