
Microsoft Visual Studio Solution File, Format Version 12.00
# Visual Studio Version 16
VisualStudioVersion = 16.0.30717.126
MinimumVisualStudioVersion = 10.0.40219.1
Project("{FAE04EC0-301F-11D3-BF4B-00C04F79EFBC}") = "Task_1", "Task_1.csproj", "{9A0A4E2B-163E-40DB-B495-2311F97635AA}"
EndProject
Global
	GlobalSection(SolutionConfigurationPlatforms) = preSolution
		Debug|Any CPU = Debug|Any CPU
		Release|Any CPU = Release|Any CPU
	EndGlobalSection
	GlobalSection(ProjectConfigurationPlatforms) = postSolution
		{9A0A4E2B-163E-40DB-B495-2311F97635AA}.Debug|Any CPU.ActiveCfg = Debug|Any CPU
		{9A0A4E2B-163E-40DB-B495-2311F97635AA}.Debug|Any CPU.Build.0 = Debug|Any CPU
		{9A0A4E2B-163E-40DB-B495-2311F97635AA}.Release|Any CPU.ActiveCfg = Release|Any CPU
		{9A0A4E2B-163E-40DB-B495-2311F97635AA}.Release|Any CPU.Build.0 = Release|Any CPU
	EndGlobalSection
	GlobalSection(SolutionProperties) = preSolution
		HideSolutionNode = FALSE
	EndGlobalSection
	GlobalSection(ExtensibilityGlobals) = postSolution
		SolutionGuid = {8E5E23ED-A9FC-4731-9CAD-731BEA5FACC2}
	EndGlobalSection
EndGlobal
