
Microsoft Visual Studio Solution File, Format Version 12.00
# Visual Studio Version 16
VisualStudioVersion = 16.0.30717.126
MinimumVisualStudioVersion = 10.0.40219.1
Project("{FAE04EC0-301F-11D3-BF4B-00C04F79EFBC}") = "Task_1", "Task_1.csproj", "{D59CDCCE-C379-4F7E-9BC0-79C2D2635B0E}"
EndProject
Project("{FAE04EC0-301F-11D3-BF4B-00C04F79EFBC}") = "Task_2", "..\Task_2\Task_2.csproj", "{9B964498-E683-47AB-8FEF-52C7DCC78968}"
EndProject
Project("{FAE04EC0-301F-11D3-BF4B-00C04F79EFBC}") = "Task_3", "..\Task_3\Task_3.csproj", "{8A138488-A03F-4DAC-AAFA-E23F393FCE1C}"
EndProject
Project("{FAE04EC0-301F-11D3-BF4B-00C04F79EFBC}") = "Task_4", "..\Task_4\Task_4.csproj", "{D7101199-DBF6-42F2-BAE8-060A9A3D1E43}"
EndProject
Project("{FAE04EC0-301F-11D3-BF4B-00C04F79EFBC}") = "Task_5", "..\Task_5\Task_5.csproj", "{F8FE6DA2-20F8-4F97-BD3E-6FC49452CBD3}"
EndProject
Global
	GlobalSection(SolutionConfigurationPlatforms) = preSolution
		Debug|Any CPU = Debug|Any CPU
		Release|Any CPU = Release|Any CPU
	EndGlobalSection
	GlobalSection(ProjectConfigurationPlatforms) = postSolution
		{D59CDCCE-C379-4F7E-9BC0-79C2D2635B0E}.Debug|Any CPU.ActiveCfg = Debug|Any CPU
		{D59CDCCE-C379-4F7E-9BC0-79C2D2635B0E}.Debug|Any CPU.Build.0 = Debug|Any CPU
		{D59CDCCE-C379-4F7E-9BC0-79C2D2635B0E}.Release|Any CPU.ActiveCfg = Release|Any CPU
		{D59CDCCE-C379-4F7E-9BC0-79C2D2635B0E}.Release|Any CPU.Build.0 = Release|Any CPU
		{9B964498-E683-47AB-8FEF-52C7DCC78968}.Debug|Any CPU.ActiveCfg = Debug|Any CPU
		{9B964498-E683-47AB-8FEF-52C7DCC78968}.Debug|Any CPU.Build.0 = Debug|Any CPU
		{9B964498-E683-47AB-8FEF-52C7DCC78968}.Release|Any CPU.ActiveCfg = Release|Any CPU
		{9B964498-E683-47AB-8FEF-52C7DCC78968}.Release|Any CPU.Build.0 = Release|Any CPU
		{8A138488-A03F-4DAC-AAFA-E23F393FCE1C}.Debug|Any CPU.ActiveCfg = Debug|Any CPU
		{8A138488-A03F-4DAC-AAFA-E23F393FCE1C}.Debug|Any CPU.Build.0 = Debug|Any CPU
		{8A138488-A03F-4DAC-AAFA-E23F393FCE1C}.Release|Any CPU.ActiveCfg = Release|Any CPU
		{8A138488-A03F-4DAC-AAFA-E23F393FCE1C}.Release|Any CPU.Build.0 = Release|Any CPU
		{D7101199-DBF6-42F2-BAE8-060A9A3D1E43}.Debug|Any CPU.ActiveCfg = Debug|Any CPU
		{D7101199-DBF6-42F2-BAE8-060A9A3D1E43}.Debug|Any CPU.Build.0 = Debug|Any CPU
		{D7101199-DBF6-42F2-BAE8-060A9A3D1E43}.Release|Any CPU.ActiveCfg = Release|Any CPU
		{D7101199-DBF6-42F2-BAE8-060A9A3D1E43}.Release|Any CPU.Build.0 = Release|Any CPU
		{F8FE6DA2-20F8-4F97-BD3E-6FC49452CBD3}.Debug|Any CPU.ActiveCfg = Debug|Any CPU
		{F8FE6DA2-20F8-4F97-BD3E-6FC49452CBD3}.Debug|Any CPU.Build.0 = Debug|Any CPU
		{F8FE6DA2-20F8-4F97-BD3E-6FC49452CBD3}.Release|Any CPU.ActiveCfg = Release|Any CPU
		{F8FE6DA2-20F8-4F97-BD3E-6FC49452CBD3}.Release|Any CPU.Build.0 = Release|Any CPU
	EndGlobalSection
	GlobalSection(SolutionProperties) = preSolution
		HideSolutionNode = FALSE
	EndGlobalSection
	GlobalSection(ExtensibilityGlobals) = postSolution
		SolutionGuid = {31551685-E8E7-4089-87D9-CEBE4A2FB9A1}
	EndGlobalSection
EndGlobal
